
Microsoft Visual Studio Solution File, Format Version 12.00
# Visual Studio Version 17
VisualStudioVersion = 17.9.34723.18
MinimumVisualStudioVersion = 10.0.40219.1
Project("{FAE04EC0-301F-11D3-BF4B-00C04F79EFBC}") = "TIF.UI", "TIF.UI\TIF.UI.csproj", "{F4FCE7ED-17DA-4859-978A-19AE5EA19278}"
EndProject
Project("{FAE04EC0-301F-11D3-BF4B-00C04F79EFBC}") = "BE", "BE\BE.csproj", "{A0B99141-8D5E-4171-B18F-2548E9764374}"
EndProject
Project("{FAE04EC0-301F-11D3-BF4B-00C04F79EFBC}") = "DAL", "DAL\DAL.csproj", "{E5DEB323-3160-4B90-AFBB-0E896CDEBD91}"
EndProject
Project("{FAE04EC0-301F-11D3-BF4B-00C04F79EFBC}") = "BLL", "BLL\BLL.csproj", "{E1F68968-036C-45AB-8C20-7C44967D1A7F}"
EndProject
Project("{FAE04EC0-301F-11D3-BF4B-00C04F79EFBC}") = "Services", "Services\Services.csproj", "{2E7C58D5-CFB3-4ECF-AB2D-5F1AD14FF261}"
EndProject
Global
	GlobalSection(SolutionConfigurationPlatforms) = preSolution
		Debug|Any CPU = Debug|Any CPU
		Release|Any CPU = Release|Any CPU
	EndGlobalSection
	GlobalSection(ProjectConfigurationPlatforms) = postSolution
		{F4FCE7ED-17DA-4859-978A-19AE5EA19278}.Debug|Any CPU.ActiveCfg = Debug|Any CPU
		{F4FCE7ED-17DA-4859-978A-19AE5EA19278}.Debug|Any CPU.Build.0 = Debug|Any CPU
		{F4FCE7ED-17DA-4859-978A-19AE5EA19278}.Release|Any CPU.ActiveCfg = Release|Any CPU
		{F4FCE7ED-17DA-4859-978A-19AE5EA19278}.Release|Any CPU.Build.0 = Release|Any CPU
		{A0B99141-8D5E-4171-B18F-2548E9764374}.Debug|Any CPU.ActiveCfg = Debug|Any CPU
		{A0B99141-8D5E-4171-B18F-2548E9764374}.Debug|Any CPU.Build.0 = Debug|Any CPU
		{A0B99141-8D5E-4171-B18F-2548E9764374}.Release|Any CPU.ActiveCfg = Release|Any CPU
		{A0B99141-8D5E-4171-B18F-2548E9764374}.Release|Any CPU.Build.0 = Release|Any CPU
		{E5DEB323-3160-4B90-AFBB-0E896CDEBD91}.Debug|Any CPU.ActiveCfg = Debug|Any CPU
		{E5DEB323-3160-4B90-AFBB-0E896CDEBD91}.Debug|Any CPU.Build.0 = Debug|Any CPU
		{E5DEB323-3160-4B90-AFBB-0E896CDEBD91}.Release|Any CPU.ActiveCfg = Release|Any CPU
		{E5DEB323-3160-4B90-AFBB-0E896CDEBD91}.Release|Any CPU.Build.0 = Release|Any CPU
		{E1F68968-036C-45AB-8C20-7C44967D1A7F}.Debug|Any CPU.ActiveCfg = Debug|Any CPU
		{E1F68968-036C-45AB-8C20-7C44967D1A7F}.Debug|Any CPU.Build.0 = Debug|Any CPU
		{E1F68968-036C-45AB-8C20-7C44967D1A7F}.Release|Any CPU.ActiveCfg = Release|Any CPU
		{E1F68968-036C-45AB-8C20-7C44967D1A7F}.Release|Any CPU.Build.0 = Release|Any CPU
		{2E7C58D5-CFB3-4ECF-AB2D-5F1AD14FF261}.Debug|Any CPU.ActiveCfg = Debug|Any CPU
		{2E7C58D5-CFB3-4ECF-AB2D-5F1AD14FF261}.Debug|Any CPU.Build.0 = Debug|Any CPU
		{2E7C58D5-CFB3-4ECF-AB2D-5F1AD14FF261}.Release|Any CPU.ActiveCfg = Release|Any CPU
		{2E7C58D5-CFB3-4ECF-AB2D-5F1AD14FF261}.Release|Any CPU.Build.0 = Release|Any CPU
	EndGlobalSection
	GlobalSection(SolutionProperties) = preSolution
		HideSolutionNode = FALSE
	EndGlobalSection
	GlobalSection(ExtensibilityGlobals) = postSolution
		SolutionGuid = {7A286E5B-A349-4FF2-9A33-6F6A66AE5073}
	EndGlobalSection
EndGlobal
